
Microsoft Visual Studio Solution File, Format Version 12.00
Project("{FAE04EC0-301F-11D3-BF4B-00C04F79EFBC}") = "MonoNativeInjector", "MonoNativeInjector\MonoNativeInjector.csproj", "{F10B174B-BDF1-4E35-9059-454AD9BC793B}"
EndProject
Global
	GlobalSection(SolutionConfigurationPlatforms) = preSolution
		Debug|Any CPU = Debug|Any CPU
		Release|Any CPU = Release|Any CPU
	EndGlobalSection
	GlobalSection(ProjectConfigurationPlatforms) = postSolution
		{F10B174B-BDF1-4E35-9059-454AD9BC793B}.Debug|Any CPU.ActiveCfg = Debug|Any CPU
		{F10B174B-BDF1-4E35-9059-454AD9BC793B}.Debug|Any CPU.Build.0 = Debug|Any CPU
		{F10B174B-BDF1-4E35-9059-454AD9BC793B}.Release|Any CPU.ActiveCfg = Release|Any CPU
		{F10B174B-BDF1-4E35-9059-454AD9BC793B}.Release|Any CPU.Build.0 = Release|Any CPU
	EndGlobalSection
EndGlobal
